
Microsoft Visual Studio Solution File, Format Version 12.00
Project("{FAE04EC0-301F-11D3-BF4B-00C04F79EFBC}") = "Welbox", "Welbox\Welbox.csproj", "{BFA9C351-2467-4FFC-BA39-1C6AE86A413C}"
EndProject
Global
	GlobalSection(SolutionConfigurationPlatforms) = preSolution
		Debug|Any CPU = Debug|Any CPU
		Release|Any CPU = Release|Any CPU
	EndGlobalSection
	GlobalSection(ProjectConfigurationPlatforms) = postSolution
		{BFA9C351-2467-4FFC-BA39-1C6AE86A413C}.Debug|Any CPU.ActiveCfg = Debug|Any CPU
		{BFA9C351-2467-4FFC-BA39-1C6AE86A413C}.Debug|Any CPU.Build.0 = Debug|Any CPU
		{BFA9C351-2467-4FFC-BA39-1C6AE86A413C}.Release|Any CPU.ActiveCfg = Release|Any CPU
		{BFA9C351-2467-4FFC-BA39-1C6AE86A413C}.Release|Any CPU.Build.0 = Release|Any CPU
	EndGlobalSection
EndGlobal
